
Microsoft Visual Studio Solution File, Format Version 12.00
# Visual Studio Version 17
VisualStudioVersion = 17.0.31903.59
MinimumVisualStudioVersion = 10.0.40219.1
Project("{FAE04EC0-301F-11D3-BF4B-00C04F79EFBC}") = "OpenAPIClientGenerator", "src\OpenAPIClientGenerator\OpenAPIClientGenerator.csproj", "{46B4CBD9-1BFB-71B6-2DCD-161ADC3A3C2B}"
EndProject
Project("{2150E333-8FDC-42A3-9474-1A3956D46DE8}") = "src", "src", "{02EA681E-C7D8-13C7-8484-4AC65E1B71E8}"
EndProject
Project("{2150E333-8FDC-42A3-9474-1A3956D46DE8}") = "tests", "tests", "{CB470741-4ACC-4D63-8880-1329B3B18CD4}"
EndProject
Project("{FAE04EC0-301F-11D3-BF4B-00C04F79EFBC}") = "OpenAPIClientGenerator.Tests", "tests\OpenAPIClientGenerator.Tests\OpenAPIClientGenerator.Tests.csproj", "{B56C0DF4-534D-895F-7400-9C22B4D9E531}"
EndProject
Global
	GlobalSection(SolutionConfigurationPlatforms) = preSolution
		Debug|Any CPU = Debug|Any CPU
		Release|Any CPU = Release|Any CPU
	EndGlobalSection
	GlobalSection(ProjectConfigurationPlatforms) = postSolution
		{46B4CBD9-1BFB-71B6-2DCD-161ADC3A3C2B}.Debug|Any CPU.ActiveCfg = Debug|Any CPU
		{46B4CBD9-1BFB-71B6-2DCD-161ADC3A3C2B}.Debug|Any CPU.Build.0 = Debug|Any CPU
		{46B4CBD9-1BFB-71B6-2DCD-161ADC3A3C2B}.Release|Any CPU.ActiveCfg = Release|Any CPU
		{46B4CBD9-1BFB-71B6-2DCD-161ADC3A3C2B}.Release|Any CPU.Build.0 = Release|Any CPU
		{B56C0DF4-534D-895F-7400-9C22B4D9E531}.Debug|Any CPU.ActiveCfg = Debug|Any CPU
		{B56C0DF4-534D-895F-7400-9C22B4D9E531}.Debug|Any CPU.Build.0 = Debug|Any CPU
		{B56C0DF4-534D-895F-7400-9C22B4D9E531}.Release|Any CPU.ActiveCfg = Release|Any CPU
		{B56C0DF4-534D-895F-7400-9C22B4D9E531}.Release|Any CPU.Build.0 = Release|Any CPU
	EndGlobalSection
	GlobalSection(SolutionProperties) = preSolution
		HideSolutionNode = FALSE
	EndGlobalSection
	GlobalSection(NestedProjects) = preSolution
		{46B4CBD9-1BFB-71B6-2DCD-161ADC3A3C2B} = {02EA681E-C7D8-13C7-8484-4AC65E1B71E8}
		{B56C0DF4-534D-895F-7400-9C22B4D9E531} = {CB470741-4ACC-4D63-8880-1329B3B18CD4}
	EndGlobalSection
	GlobalSection(ExtensibilityGlobals) = postSolution
		SolutionGuid = {48C9CE98-FC11-40DC-A5FF-100511D7798C}
	EndGlobalSection
EndGlobal
